{"1.2.0",
[{<<"barista">>,{pkg,<<"barista">>,<<"0.3.2">>},0},
 {<<"erlang_color">>,{pkg,<<"erlang_color">>,<<"1.0.0">>},1},
 {<<"lanes">>,{pkg,<<"lanes">>,<<"0.3.0-rc4">>},0},
 {<<"lanes_barista">>,{pkg,<<"lanes_barista">>,<<"0.3.0-rc4">>},0},
 {<<"lfe">>,{pkg,<<"lfe">>,<<"2.1.2">>},0},
 {<<"logjam">>,{pkg,<<"logjam">>,<<"1.2.2">>},0},
 {<<"ltest">>,{pkg,<<"ltest">>,<<"0.13.5">>},0},
 {<<"proper">>,{pkg,<<"proper">>,<<"1.4.0">>},0}]}.
[
{pkg_hash,[
 {<<"barista">>, <<"9BD05AA852B922A9647F65C154AB69DA3D1D44D095C4213354D742C9BD9A81D2">>},
 {<<"erlang_color">>, <<"145FE1D2E65C4516E4F03FEFCA6C2F47EBAD5899D978D70382A5CFE643E4AC9E">>},
 {<<"lanes">>, <<"A97C09EF63E6D223DAF78F38B565594CB54233E5225426154A7BEA58DD67CC2B">>},
 {<<"lanes_barista">>, <<"4AEE6DD473028F2043BEC72225CE420BADF9F8EFAD247EDBBF31006AD8BD6264">>},
 {<<"lfe">>, <<"9A14B5056761C63EEA5A3040E0FD1A326276CFE40F3B952E7305FED45341BF6F">>},
 {<<"logjam">>, <<"3E2663B053274CC8532457A4C6504F527EF12F81346A5EA17EAAE52C293CA939">>},
 {<<"ltest">>, <<"BE2F9322D570554B4FC2C268E07797349AA7B160479004AF1128E526682476A7">>},
 {<<"proper">>, <<"89A44B8C39D28BB9B4BE8E4D715D534905B325470F2E0EC5E004D12484A79434">>}]},
{pkg_hash_ext,[
 {<<"barista">>, <<"FFFBF1F56F4288B7EF76F841E82CF0AF40A2EE22FBCDBFFD9E8291CE593AF107">>},
 {<<"erlang_color">>, <<"6B17E5E589C8FEF540574C9EA32B67CEC2C8A44283AAFE474D6E5818FB3EE038">>},
 {<<"lanes">>, <<"2510DBFC6374540A49ABAB56D78829B9C5E2448EAB869596D2AE39DCC74A0A0A">>},
 {<<"lanes_barista">>, <<"E06A3572C9B8B762833A679121A7502D9C98B114B8F709E381ECC185298CE3F2">>},
 {<<"lfe">>, <<"E717466A203711FDF47A2E2144990EDB52B207D40F6D6168BADD05F76EEC04AD">>},
 {<<"logjam">>, <<"C284C3C2697D3025639E24E9034BD94BC2D15F50471A4D1298ACAEB9F312A4BD">>},
 {<<"ltest">>, <<"26E435CD98C981C232477E188CCE78F5CB2A58094C631794A99582C85BBCF028">>},
 {<<"proper">>, <<"18285842185BD33EFBDA97D134A5CB5A0884384DB36119FEE0E3CFA488568CBB">>}]}
].
